version = 1
revision = 3
requires-python = ">=3.14"

[[package]]
name = "argparse-dataclass"
version = "2.0.0"
source = { registry = "https://pypi.org/simple" }
sdist = { url = "https://files.pythonhosted.org/packages/1a/ff/a2e4e328075ddef2ac3c9431eb12247e4ba707a70324894f1e6b4f43c286/argparse_dataclass-2.0.0.tar.gz", hash = "sha256:09ab641c914a2f12882337b9c3e5086196dbf2ee6bf0ef67895c74002cc9297f", size = 6395, upload-time = "2023-06-11T20:32:54.465Z" }
wheels = [
    { url = "https://files.pythonhosted.org/packages/b3/66/e6c0a808950ba5a4042e2fcedd577fc7401536c7db063de4d7c36be06f84/argparse_dataclass-2.0.0-py3-none-any.whl", hash = "sha256:3ffc8852a88d9d98d1364b4441a712491320afb91fb56049afd8a51d74bb52d2", size = 8762, upload-time = "2023-06-11T20:32:52.724Z" },
]

[[package]]
name = "configargparse"
version = "1.7.5"
source = { registry = "https://pypi.org/simple" }
sdist = { url = "https://files.pythonhosted.org/packages/3f/0b/30328302903c55218ffc5199646d0e9d28348ff26c02ba77b2ffc58d294a/configargparse-1.7.5.tar.gz", hash = "sha256:e3f9a7bb6be34d66b2e3c4a2f58e3045f8dfae47b0dc039f87bcfaa0f193fb0f", size = 53548, upload-time = "2026-03-11T02:19:38.144Z" }
wheels = [
    { url = "https://files.pythonhosted.org/packages/fe/19/3ba5e1b0bcc7b91aeab6c258afd70e4907d220fed3972febe38feb40db30/configargparse-1.7.5-py3-none-any.whl", hash = "sha256:1e63fdffedf94da9cd435fc13a1cd24777e76879dd2343912c1f871d4ac8c592", size = 27692, upload-time = "2026-03-11T02:19:36.442Z" },
]

[[package]]
name = "markdown-it-py"
version = "4.0.0"
source = { registry = "https://pypi.org/simple" }
dependencies = [
    { name = "mdurl" },
]
sdist = { url = "https://files.pythonhosted.org/packages/5b/f5/4ec618ed16cc4f8fb3b701563655a69816155e79e24a17b651541804721d/markdown_it_py-4.0.0.tar.gz", hash = "sha256:cb0a2b4aa34f932c007117b194e945bd74e0ec24133ceb5bac59009cda1cb9f3", size = 73070, upload-time = "2025-08-11T12:57:52.854Z" }
wheels = [
    { url = "https://files.pythonhosted.org/packages/94/54/e7d793b573f298e1c9013b8c4dade17d481164aa517d1d7148619c2cedbf/markdown_it_py-4.0.0-py3-none-any.whl", hash = "sha256:87327c59b172c5011896038353a81343b6754500a08cd7a4973bb48c6d578147", size = 87321, upload-time = "2025-08-11T12:57:51.923Z" },
]

[[package]]
name = "mdurl"
version = "0.1.2"
source = { registry = "https://pypi.org/simple" }
sdist = { url = "https://files.pythonhosted.org/packages/d6/54/cfe61301667036ec958cb99bd3efefba235e65cdeb9c84d24a8293ba1d90/mdurl-0.1.2.tar.gz", hash = "sha256:bb413d29f5eea38f31dd4754dd7377d4465116fb207585f97bf925588687c1ba", size = 8729, upload-time = "2022-08-14T12:40:10.846Z" }
wheels = [
    { url = "https://files.pythonhosted.org/packages/b3/38/89ba8ad64ae25be8de66a6d463314cf1eb366222074cfda9ee839c56a4b4/mdurl-0.1.2-py3-none-any.whl", hash = "sha256:84008a41e51615a49fc9966191ff91509e3c40b939176e643fd50a5c2196b8f8", size = 9979, upload-time = "2022-08-14T12:40:09.779Z" },
]

[[package]]
name = "packaging"
version = "25.0"
source = { registry = "https://pypi.org/simple" }
sdist = { url = "https://files.pythonhosted.org/packages/a1/d4/1fc4078c65507b51b96ca8f8c3ba19e6a61c8253c72794544580a7b6c24d/packaging-25.0.tar.gz", hash = "sha256:d443872c98d677bf60f6a1f2f8c1cb748e8fe762d2bf9d3148b5599295b0fc4f", size = 165727, upload-time = "2025-04-19T11:48:59.673Z" }
wheels = [
    { url = "https://files.pythonhosted.org/packages/20/12/38679034af332785aac8774540895e234f4d07f7545804097de4b666afd8/packaging-25.0-py3-none-any.whl", hash = "sha256:29572ef2b1f17581046b3a2227d5c611fb25ec70ca1ba8554b24b0e69331a484", size = 66469, upload-time = "2025-04-19T11:48:57.875Z" },
]

[[package]]
name = "pygments"
version = "2.20.0"
source = { registry = "https://pypi.org/simple" }
sdist = { url = "https://files.pythonhosted.org/packages/c3/b2/bc9c9196916376152d655522fdcebac55e66de6603a76a02bca1b6414f6c/pygments-2.20.0.tar.gz", hash = "sha256:6757cd03768053ff99f3039c1a36d6c0aa0b263438fcab17520b30a303a82b5f", size = 4955991, upload-time = "2026-03-29T13:29:33.898Z" }
wheels = [
    { url = "https://files.pythonhosted.org/packages/f4/7e/a72dd26f3b0f4f2bf1dd8923c85f7ceb43172af56d63c7383eb62b332364/pygments-2.20.0-py3-none-any.whl", hash = "sha256:81a9e26dd42fd28a23a2d169d86d7ac03b46e2f8b59ed4698fb4785f946d0176", size = 1231151, upload-time = "2026-03-29T13:29:30.038Z" },
]

[[package]]
name = "rich"
version = "15.0.0"
source = { registry = "https://pypi.org/simple" }
dependencies = [
    { name = "markdown-it-py" },
    { name = "pygments" },
]
sdist = { url = "https://files.pythonhosted.org/packages/c0/8f/0722ca900cc807c13a6a0c696dacf35430f72e0ec571c4275d2371fca3e9/rich-15.0.0.tar.gz", hash = "sha256:edd07a4824c6b40189fb7ac9bc4c52536e9780fbbfbddf6f1e2502c31b068c36", size = 230680, upload-time = "2026-04-12T08:24:00.75Z" }
wheels = [
    { url = "https://files.pythonhosted.org/packages/82/3b/64d4899d73f91ba49a8c18a8ff3f0ea8f1c1d75481760df8c68ef5235bf5/rich-15.0.0-py3-none-any.whl", hash = "sha256:33bd4ef74232fb73fe9279a257718407f169c09b78a87ad3d296f548e27de0bb", size = 310654, upload-time = "2026-04-12T08:24:02.83Z" },
]

[[package]]
name = "snakemake-interface-common"
version = "1.23.0"
source = { registry = "https://pypi.org/simple" }
dependencies = [
    { name = "argparse-dataclass" },
    { name = "configargparse" },
    { name = "packaging" },
]
sdist = { url = "https://files.pythonhosted.org/packages/89/c3/592f832f6e5d2d31f749392e48e8401b7625dec668d3d365d8d28f2b6c30/snakemake_interface_common-1.23.0.tar.gz", hash = "sha256:6ed14531a461417659364a0dd0acc51b786af4e26fc15cc5e00ff3d9fcaffacc", size = 13960, upload-time = "2026-03-08T21:54:29.251Z" }
wheels = [
    { url = "https://files.pythonhosted.org/packages/28/90/a4a3652e832667917383f8d34112bdb37b78a6d14efc049e22a2c8192524/snakemake_interface_common-1.23.0-py3-none-any.whl", hash = "sha256:43bb10102d07149f27787dfc65a7342b86ff772973e7f9ca4940c89cb412a11e", size = 17162, upload-time = "2026-03-08T21:54:28.074Z" },
]

[[package]]
name = "snakemake-interface-logger-plugins"
version = "2.0.1"
source = { registry = "https://pypi.org/simple" }
dependencies = [
    { name = "snakemake-interface-common" },
]
sdist = { url = "https://files.pythonhosted.org/packages/39/1d/a489e36b4444573cc5c2c4345ed61827be5d6480ff29c489a0b43dc9749a/snakemake_interface_logger_plugins-2.0.1.tar.gz", hash = "sha256:d639cc6b3c18993d52255d8edc59ef21b17b4e4dc6ff8777f04018fbf0b430e1", size = 14601, upload-time = "2026-03-19T15:06:31.434Z" }
wheels = [
    { url = "https://files.pythonhosted.org/packages/1d/29/996c4334f8ec251a24fa6f7490a4319eade9936d5e4347cffc3f377073ff/snakemake_interface_logger_plugins-2.0.1-py3-none-any.whl", hash = "sha256:400dfdabd4ea9c93408dfece273d372470a09bf292f6a9eb7213bcd659425eb9", size = 13045, upload-time = "2026-03-19T15:06:29.999Z" },
]

[[package]]
name = "sunbeam"
version = "0.1.0"
source = { virtual = "." }
dependencies = [
    { name = "rich" },
    { name = "snakemake-interface-logger-plugins" },
]

[package.metadata]
requires-dist = [
    { name = "rich", specifier = ">=15.0.0" },
    { name = "snakemake-interface-logger-plugins", specifier = ">=2.0.1" },
]
